
Microsoft Visual Studio Solution File, Format Version 12.00
Project("{FAE04EC0-301F-11D3-BF4B-00C04F79EFBC}") = "Games.Application", "Games.Application\Games.Application.csproj", "{6A34671A-5E43-4DD1-BB30-5150CF2DD41F}"
EndProject
Project("{FAE04EC0-301F-11D3-BF4B-00C04F79EFBC}") = "Games.Application.UnitTests", "Games.Application.UnitTests\Games.Application.UnitTests.csproj", "{563A4CEC-257A-4038-AE10-CCEE17C4F32B}"
EndProject
Project("{FAE04EC0-301F-11D3-BF4B-00C04F79EFBC}") = "Games.Infrastructure", "Games.Infrastructure\Games.Infrastructure.csproj", "{F6976C8A-94ED-48F2-9FC5-D08D2AB57502}"
EndProject
Project("{FAE04EC0-301F-11D3-BF4B-00C04F79EFBC}") = "Games.Api", "Games.Api\Games.Api.csproj", "{5177A764-D917-4881-8764-89B3711FCB1D}"
EndProject
Global
	GlobalSection(SolutionConfigurationPlatforms) = preSolution
		Debug|Any CPU = Debug|Any CPU
		Release|Any CPU = Release|Any CPU
	EndGlobalSection
	GlobalSection(ProjectConfigurationPlatforms) = postSolution
		{6A34671A-5E43-4DD1-BB30-5150CF2DD41F}.Debug|Any CPU.ActiveCfg = Debug|Any CPU
		{6A34671A-5E43-4DD1-BB30-5150CF2DD41F}.Debug|Any CPU.Build.0 = Debug|Any CPU
		{6A34671A-5E43-4DD1-BB30-5150CF2DD41F}.Release|Any CPU.ActiveCfg = Release|Any CPU
		{6A34671A-5E43-4DD1-BB30-5150CF2DD41F}.Release|Any CPU.Build.0 = Release|Any CPU
		{563A4CEC-257A-4038-AE10-CCEE17C4F32B}.Debug|Any CPU.ActiveCfg = Debug|Any CPU
		{563A4CEC-257A-4038-AE10-CCEE17C4F32B}.Debug|Any CPU.Build.0 = Debug|Any CPU
		{563A4CEC-257A-4038-AE10-CCEE17C4F32B}.Release|Any CPU.ActiveCfg = Release|Any CPU
		{563A4CEC-257A-4038-AE10-CCEE17C4F32B}.Release|Any CPU.Build.0 = Release|Any CPU
		{F6976C8A-94ED-48F2-9FC5-D08D2AB57502}.Debug|Any CPU.ActiveCfg = Debug|Any CPU
		{F6976C8A-94ED-48F2-9FC5-D08D2AB57502}.Debug|Any CPU.Build.0 = Debug|Any CPU
		{F6976C8A-94ED-48F2-9FC5-D08D2AB57502}.Release|Any CPU.ActiveCfg = Release|Any CPU
		{F6976C8A-94ED-48F2-9FC5-D08D2AB57502}.Release|Any CPU.Build.0 = Release|Any CPU
		{5177A764-D917-4881-8764-89B3711FCB1D}.Debug|Any CPU.ActiveCfg = Debug|Any CPU
		{5177A764-D917-4881-8764-89B3711FCB1D}.Debug|Any CPU.Build.0 = Debug|Any CPU
		{5177A764-D917-4881-8764-89B3711FCB1D}.Release|Any CPU.ActiveCfg = Release|Any CPU
		{5177A764-D917-4881-8764-89B3711FCB1D}.Release|Any CPU.Build.0 = Release|Any CPU
	EndGlobalSection
EndGlobal
